
Microsoft Visual Studio Solution File, Format Version 12.00
# Visual Studio Version 16
VisualStudioVersion = 16.0.31313.79
MinimumVisualStudioVersion = 10.0.40219.1
Project("{FAE04EC0-301F-11D3-BF4B-00C04F79EFBC}") = "KGERP", "KGERP\KGERP.csproj", "{BA5D1A32-10F8-42C2-948C-63D0E159BB54}"
EndProject
Project("{FAE04EC0-301F-11D3-BF4B-00C04F79EFBC}") = "KGERP.Data", "KGERP.Data\KGERP.Data.csproj", "{E158E391-7063-4EF7-9700-66D2DB3004E5}"
EndProject
Project("{FAE04EC0-301F-11D3-BF4B-00C04F79EFBC}") = "KGERP.Utility", "KGERP.Utility\KGERP.Utility.csproj", "{7516CE9E-BFFD-4456-B004-738DF9762097}"
EndProject
Project("{FAE04EC0-301F-11D3-BF4B-00C04F79EFBC}") = "KGERP.Service", "KGERP.Service\KGERP.Service.csproj", "{62BBB4A6-B865-4D3F-8E6C-2A26BB365DCB}"
EndProject
Project("{2150E333-8FDC-42A3-9474-1A3956D46DE8}") = "ISSReport", "ISSReport", "{5122E030-8105-414E-84ED-3A90D5885E42}"
EndProject
Project("{F14B399A-7131-4C87-9E4B-1186C45EF12D}") = "ErpReport", "ISSReport\ErpReport\ErpReport.rptproj", "{7958EAEC-63A0-4FF9-8BBB-064269DF64F7}"
EndProject
Global
	GlobalSection(SolutionConfigurationPlatforms) = preSolution
		Debug|Any CPU = Debug|Any CPU
		DebugLocal|Any CPU = DebugLocal|Any CPU
		Release|Any CPU = Release|Any CPU
	EndGlobalSection
	GlobalSection(ProjectConfigurationPlatforms) = postSolution
		{BA5D1A32-10F8-42C2-948C-63D0E159BB54}.Debug|Any CPU.ActiveCfg = Debug|Any CPU
		{BA5D1A32-10F8-42C2-948C-63D0E159BB54}.Debug|Any CPU.Build.0 = Debug|Any CPU
		{BA5D1A32-10F8-42C2-948C-63D0E159BB54}.DebugLocal|Any CPU.ActiveCfg = Debug|Any CPU
		{BA5D1A32-10F8-42C2-948C-63D0E159BB54}.DebugLocal|Any CPU.Build.0 = Debug|Any CPU
		{BA5D1A32-10F8-42C2-948C-63D0E159BB54}.Release|Any CPU.ActiveCfg = Release|Any CPU
		{BA5D1A32-10F8-42C2-948C-63D0E159BB54}.Release|Any CPU.Build.0 = Release|Any CPU
		{E158E391-7063-4EF7-9700-66D2DB3004E5}.Debug|Any CPU.ActiveCfg = Debug|Any CPU
		{E158E391-7063-4EF7-9700-66D2DB3004E5}.Debug|Any CPU.Build.0 = Debug|Any CPU
		{E158E391-7063-4EF7-9700-66D2DB3004E5}.DebugLocal|Any CPU.ActiveCfg = Debug|Any CPU
		{E158E391-7063-4EF7-9700-66D2DB3004E5}.DebugLocal|Any CPU.Build.0 = Debug|Any CPU
		{E158E391-7063-4EF7-9700-66D2DB3004E5}.Release|Any CPU.ActiveCfg = Release|Any CPU
		{E158E391-7063-4EF7-9700-66D2DB3004E5}.Release|Any CPU.Build.0 = Release|Any CPU
		{7516CE9E-BFFD-4456-B004-738DF9762097}.Debug|Any CPU.ActiveCfg = Debug|Any CPU
		{7516CE9E-BFFD-4456-B004-738DF9762097}.Debug|Any CPU.Build.0 = Debug|Any CPU
		{7516CE9E-BFFD-4456-B004-738DF9762097}.DebugLocal|Any CPU.ActiveCfg = Debug|Any CPU
		{7516CE9E-BFFD-4456-B004-738DF9762097}.DebugLocal|Any CPU.Build.0 = Debug|Any CPU
		{7516CE9E-BFFD-4456-B004-738DF9762097}.Release|Any CPU.ActiveCfg = Release|Any CPU
		{7516CE9E-BFFD-4456-B004-738DF9762097}.Release|Any CPU.Build.0 = Release|Any CPU
		{62BBB4A6-B865-4D3F-8E6C-2A26BB365DCB}.Debug|Any CPU.ActiveCfg = Debug|Any CPU
		{62BBB4A6-B865-4D3F-8E6C-2A26BB365DCB}.Debug|Any CPU.Build.0 = Debug|Any CPU
		{62BBB4A6-B865-4D3F-8E6C-2A26BB365DCB}.DebugLocal|Any CPU.ActiveCfg = Debug|Any CPU
		{62BBB4A6-B865-4D3F-8E6C-2A26BB365DCB}.DebugLocal|Any CPU.Build.0 = Debug|Any CPU
		{62BBB4A6-B865-4D3F-8E6C-2A26BB365DCB}.Release|Any CPU.ActiveCfg = Release|Any CPU
		{62BBB4A6-B865-4D3F-8E6C-2A26BB365DCB}.Release|Any CPU.Build.0 = Release|Any CPU
		{7958EAEC-63A0-4FF9-8BBB-064269DF64F7}.Debug|Any CPU.ActiveCfg = Debug
		{7958EAEC-63A0-4FF9-8BBB-064269DF64F7}.Debug|Any CPU.Build.0 = Debug
		{7958EAEC-63A0-4FF9-8BBB-064269DF64F7}.Debug|Any CPU.Deploy.0 = Debug
		{7958EAEC-63A0-4FF9-8BBB-064269DF64F7}.DebugLocal|Any CPU.ActiveCfg = DebugLocal
		{7958EAEC-63A0-4FF9-8BBB-064269DF64F7}.DebugLocal|Any CPU.Build.0 = DebugLocal
		{7958EAEC-63A0-4FF9-8BBB-064269DF64F7}.DebugLocal|Any CPU.Deploy.0 = DebugLocal
		{7958EAEC-63A0-4FF9-8BBB-064269DF64F7}.Release|Any CPU.ActiveCfg = Release
		{7958EAEC-63A0-4FF9-8BBB-064269DF64F7}.Release|Any CPU.Build.0 = Release
		{7958EAEC-63A0-4FF9-8BBB-064269DF64F7}.Release|Any CPU.Deploy.0 = Release
	EndGlobalSection
	GlobalSection(SolutionProperties) = preSolution
		HideSolutionNode = FALSE
	EndGlobalSection
	GlobalSection(NestedProjects) = preSolution
		{7958EAEC-63A0-4FF9-8BBB-064269DF64F7} = {5122E030-8105-414E-84ED-3A90D5885E42}
	EndGlobalSection
	GlobalSection(ExtensibilityGlobals) = postSolution
		SolutionGuid = {1B12C976-5325-460F-9683-43E1E93033E5}
	EndGlobalSection
EndGlobal
